dependencies:
  espressif/cmake_utilities:
    component_hash: 351350613ceafba240b761b4ea991e0f231ac7a9f59a9ee901f751bddc0bb18f
    source:
      service_url: https://api.components.espressif.com/
      type: service
    version: 0.5.3
  espressif/esp_io_expander:
    component_hash: fbc0de4082fc7c207dc98a93a0ed83d1a929a4ecee83cc567afb406f3ee6d4a6
    source:
      service_url: https://api.components.espressif.com/
      type: service
    version: 1.0.1
  espressif/esp_lcd_panel_io_additions:
    component_hash: 213d5c4a3c322a48c9f993d6bc2372206d34af95db34e87a3e02601bdcad7ce8
    source:
      service_url: https://api.components.espressif.com/
      type: service
    version: 1.0.1
  espressif/esp_lcd_st7701:
    component_hash: f3efa3c4ab8638f8de4ad4301f6b6155f7dfb09fb441061d15f201ea7a548f77
    source:
      service_url: https://api.components.espressif.com/
      type: service
    version: 1.1.4
  idf:
    component_hash: null
    source:
      type: idf
    version: 5.2.1
manifest_hash: 06d78e131b27da599613f8ded1371b270e977bd96c3f8b76cc0d73ae6946f3ae
target: esp32s3
version: 1.0.0
